
Microsoft Visual Studio Solution File, Format Version 12.00
# Visual Studio Version 17
VisualStudioVersion = 17.11.35222.181
MinimumVisualStudioVersion = 10.0.40219.1
Project("{9A19103F-16F7-4668-BE54-9A1E7A4F7556}") = "KoiConsulting.Repository", "KoiConsulting.Repository\KoiConsulting.Repository.csproj", "{1CE97F47-D50D-4B35-9D5F-1BC22B3C6CE1}"
EndProject
Project("{FAE04EC0-301F-11D3-BF4B-00C04F79EFBC}") = "KoiConsulting.API", "KoiConsulting.API\KoiConsulting.API.csproj", "{1AD7DDD2-EE4F-400A-95AF-7AEEDF9DC2B3}"
EndProject
Global
	GlobalSection(SolutionConfigurationPlatforms) = preSolution
		Debug|Any CPU = Debug|Any CPU
		Release|Any CPU = Release|Any CPU
	EndGlobalSection
	GlobalSection(ProjectConfigurationPlatforms) = postSolution
		{1CE97F47-D50D-4B35-9D5F-1BC22B3C6CE1}.Debug|Any CPU.ActiveCfg = Debug|Any CPU
		{1CE97F47-D50D-4B35-9D5F-1BC22B3C6CE1}.Debug|Any CPU.Build.0 = Debug|Any CPU
		{1CE97F47-D50D-4B35-9D5F-1BC22B3C6CE1}.Release|Any CPU.ActiveCfg = Release|Any CPU
		{1CE97F47-D50D-4B35-9D5F-1BC22B3C6CE1}.Release|Any CPU.Build.0 = Release|Any CPU
		{1AD7DDD2-EE4F-400A-95AF-7AEEDF9DC2B3}.Debug|Any CPU.ActiveCfg = Debug|Any CPU
		{1AD7DDD2-EE4F-400A-95AF-7AEEDF9DC2B3}.Debug|Any CPU.Build.0 = Debug|Any CPU
		{1AD7DDD2-EE4F-400A-95AF-7AEEDF9DC2B3}.Release|Any CPU.ActiveCfg = Release|Any CPU
		{1AD7DDD2-EE4F-400A-95AF-7AEEDF9DC2B3}.Release|Any CPU.Build.0 = Release|Any CPU
	EndGlobalSection
	GlobalSection(SolutionProperties) = preSolution
		HideSolutionNode = FALSE
	EndGlobalSection
	GlobalSection(ExtensibilityGlobals) = postSolution
		SolutionGuid = {A0E7E8E1-FF31-4456-91BB-56E9283B8AAE}
	EndGlobalSection
EndGlobal
